// !$*UTF8*$!
{
	archiveVersion = 1;
	classes = {
	};
	objectVersion = 46;
	objects = {

/* Begin PBXBuildFile section */
		1858F9771C81EBF4002E0C0C /* AppDelegate.swift in Sources */ = {isa = PBXBuildFile; fileRef = 1858F9761C81EBF4002E0C0C /* AppDelegate.swift */; };
		1858F9791C81EBF4002E0C0C /* ViewController.swift in Sources */ = {isa = PBXBuildFile; fileRef = 1858F9781C81EBF4002E0C0C /* ViewController.swift */; };
		1858F97C1C81EBF4002E0C0C /* Main.storyboard in Resources */ = {isa = PBXBuildFile; fileRef = 1858F97A1C81EBF4002E0C0C /* Main.storyboard */; };
		1858F97E1C81EBF4002E0C0C /* Assets.xcassets in Resources */ = {isa = PBXBuildFile; fileRef = 1858F97D1C81EBF4002E0C0C /* Assets.xcassets */; };
		1858F9811C81EBF4002E0C0C /* LaunchScreen.storyboard in Resources */ = {isa = PBXBuildFile; fileRef = 1858F97F1C81EBF4002E0C0C /* LaunchScreen.storyboard */; };
		1858F98C1C81EBF4002E0C0C /* GitUploadTestTests.swift in Sources */ = {isa = PBXBuildFile; fileRef = 1858F98B1C81EBF4002E0C0C /* GitUploadTestTests.swift */; };
		1858F9971C81EBF4002E0C0C /* GitUploadTestUITests.swift in Sources */ = {isa = PBXBuildFile; fileRef = 1858F9961C81EBF4002E0C0C /* GitUploadTestUITests.swift */; };
/* End PBXBuildFile section */

/* Begin PBXContainerItemProxy section */
		1858F9881C81EBF4002E0C0C /* PBXContainerItemProxy */ = {
			isa = PBXContainerItemProxy;
			containerPortal = 1858F96B1C81EBF4002E0C0C /* Project object */;
			proxyType = 1;
			remoteGlobalIDString = 1858F9721C81EBF4002E0C0C;
			remoteInfo = GitUploadTest;
		};
		1858F9931C81EBF4002E0C0C /* PBXContainerItemProxy */ = {
			isa = PBXContainerItemProxy;
			containerPortal = 1858F96B1C81EBF4002E0C0C /* Project object */;
			proxyType = 1;
			remoteGlobalIDString = 1858F9721C81EBF4002E0C0C;
			remoteInfo = GitUploadTest;
		};
/* End PBXContainerItemProxy section */

/* Begin PBXFileReference section */
		1858F9731C81EBF4002E0C0C /* GitUploadTest.app */ = {isa = PBXFileReference; explicitFileType = wrapper.application; includeInIndex = 0; path = GitUploadTest.app; sourceTree = BUILT_PRODUCTS_DIR; };
		1858F9761C81EBF4002E0C0C /* AppDelegate.swift */ = {isa = PBXFileReference; lastKnownFileType = sourcecode.swift; path = AppDelegate.swift; sourceTree = "<group>"; };
		1858F9781C81EBF4002E0C0C /* ViewController.swift */ = {isa = PBXFileReference; lastKnownFileType = sourcecode.swift; path = ViewController.swift; sourceTree = "<group>"; };
		1858F97B1C81EBF4002E0C0C /* Base */ = {isa = PBXFileReference; lastKnownFileType = file.storyboard; name = Base; path = Base.lproj/Main.storyboard; sourceTree = "<group>"; };
		1858F97D1C81EBF4002E0C0C /* Assets.xcassets */ = {isa = PBXFileReference; lastKnownFileType = folder.assetcatalog; path = Assets.xcassets; sourceTree = "<group>"; };
		1858F9801C81EBF4002E0C0C /* Base */ = {isa = PBXFileReference; lastKnownFileType = file.storyboard; name = Base; path = Base.lproj/LaunchScreen.storyboard; sourceTree = "<group>"; };
		1858F9821C81EBF4002E0C0C /* Info.plist */ = {isa = PBXFileReference; lastKnownFileType = text.plist.xml; path = Info.plist; sourceTree = "<group>"; };
		1858F9871C81EBF4002E0C0C /* GitUploadTestTests.xctest */ = {isa = PBXFileReference; explicitFileType = wrapper.cfbundle; includeInIndex = 0; path = GitUploadTestTests.xctest; sourceTree = BUILT_PRODUCTS_DIR; };
		1858F98B1C81EBF4002E0C0C /* GitUploadTestTests.swift */ = {isa = PBXFileReference; lastKnownFileType = sourcecode.swift; path = GitUploadTestTests.swift; sourceTree = "<group>"; };
		1858F98D1C81EBF4002E0C0C /* Info.plist */ = {isa = PBXFileReference; lastKnownFileType = text.plist.xml; path = Info.plist; sourceTree = "<group>"; };
		1858F9921C81EBF4002E0C0C /* GitUploadTestUITests.xctest */ = {isa = PBXFileReference; explicitFileType = wrapper.cfbundle; includeInIndex = 0; path = GitUploadTestUITests.xctest; sourceTree = BUILT_PRODUCTS_DIR; };
		1858F9961C81EBF4002E0C0C /* GitUploadTestUITests.swift */ = {isa = PBXFileReference; lastKnownFileType = sourcecode.swift; path = GitUploadTestUITests.swift; sourceTree = "<group>"; };
		1858F9981C81EBF4002E0C0C /* Info.plist */ = {isa = PBXFileReference; lastKnownFileType = text.plist.xml; path = Info.plist; sourceTree = "<group>"; };
/* End PBXFileReference section */

/* Begin PBXFrameworksBuildPhase section */
		1858F9701C81EBF4002E0C0C /* Frameworks */ = {
			isa = PBXFrameworksBuildPhase;
			buildActionMask = 2147483647;
			files = (
			);
			runOnlyForDeploymentPostprocessing = 0;
		};
		1858F9841C81EBF4002E0C0C /* Frameworks */ = {
			isa = PBXFrameworksBuildPhase;
			buildActionMask = 2147483647;
			files = (
			);
			runOnlyForDeploymentPostprocessing = 0;
		};
		1858F98F1C81EBF4002E0C0C /* Frameworks */ = {
			isa = PBXFrameworksBuildPhase;
			buildActionMask = 2147483647;
			files = (
			);
			runOnlyForDeploymentPostprocessing = 0;
		};
/* End PBXFrameworksBuildPhase section */

/* Begin PBXGroup section */
		1858F96A1C81EBF4002E0C0C = {
			isa = PBXGroup;
			children = (
				1858F9751C81EBF4002E0C0C /* GitUploadTest */,
				1858F98A1C81EBF4002E0C0C /* GitUploadTestTests */,
				1858F9951C81EBF4002E0C0C /* GitUploadTestUITests */,
				1858F9741C81EBF4002E0C0C /* Products */,
			);
			sourceTree = "<group>";
		};
		1858F9741C81EBF4002E0C0C /* Products */ = {
			isa = PBXGroup;
			children = (
				1858F9731C81EBF4002E0C0C /* GitUploadTest.app */,
				1858F9871C81EBF4002E0C0C /* GitUploadTestTests.xctest */,
				1858F9921C81EBF4002E0C0C /* GitUploadTestUITests.xctest */,
			);
			name = Products;
			sourceTree = "<group>";
		};
		1858F9751C81EBF4002E0C0C /* GitUploadTest */ = {
			isa = PBXGroup;
			children = (
				1858F9761C81EBF4002E0C0C /* AppDelegate.swift */,
				1858F9781C81EBF4002E0C0C /* ViewController.swift */,
				1858F97A1C81EBF4002E0C0C /* Main.storyboard */,
				1858F97D1C81EBF4002E0C0C /* Assets.xcassets */,
				1858F97F1C81EBF4002E0C0C /* LaunchScreen.storyboard */,
				1858F9821C81EBF4002E0C0C /* Info.plist */,
			);
			path = GitUploadTest;
			sourceTree = "<group>";
		};
		1858F98A1C81EBF4002E0C0C /* GitUploadTestTests */ = {
			isa = PBXGroup;
			children = (
				1858F98B1C81EBF4002E0C0C /* GitUploadTestTests.swift */,
				1858F98D1C81EBF4002E0C0C /* Info.plist */,
			);
			path = GitUploadTestTests;
			sourceTree = "<group>";
		};
		1858F9951C81EBF4002E0C0C /* GitUploadTestUITests */ = {
			isa = PBXGroup;
			children = (
				1858F9961C81EBF4002E0C0C /* GitUploadTestUITests.swift */,
				1858F9981C81EBF4002E0C0C /* Info.plist */,
			);
			path = GitUploadTestUITests;
			sourceTree = "<group>";
		};
/* End PBXGroup section */

/* Begin PBXNativeTarget section */
		1858F9721C81EBF4002E0C0C /* GitUploadTest */ = {
			isa = PBXNativeTarget;
			buildConfigurationList = 1858F99B1C81EBF4002E0C0C /* Build configuration list for PBXNativeTarget "GitUploadTest" */;
			buildPhases = (
				1858F96F1C81EBF4002E0C0C /* Sources */,
				1858F9701C81EBF4002E0C0C /* Frameworks */,
				1858F9711C81EBF4002E0C0C /* Resources */,
			);
			buildRules = (
			);
			dependencies = (
			);
			name = GitUploadTest;
			productName = GitUploadTest;
			productReference = 1858F9731C81EBF4002E0C0C /* GitUploadTest.app */;
			productType = "com.apple.product-type.application";
		};
		1858F9861C81EBF4002E0C0C /* GitUploadTestTests */ = {
			isa = PBXNativeTarget;
			buildConfigurationList = 1858F99E1C81EBF4002E0C0C /* Build configuration list for PBXNativeTarget "GitUploadTestTests" */;
			buildPhases = (
				1858F9831C81EBF4002E0C0C /* Sources */,
				1858F9841C81EBF4002E0C0C /* Frameworks */,
				1858F9851C81EBF4002E0C0C /* Resources */,
			);
			buildRules = (
			);
			dependencies = (
				1858F9891C81EBF4002E0C0C /* PBXTargetDependency */,
			);
			name = GitUploadTestTests;
			productName = GitUploadTestTests;
			productReference = 1858F9871C81EBF4002E0C0C /* GitUploadTestTests.xctest */;
			productType = "com.apple.product-type.bundle.unit-test";
		};
		1858F9911C81EBF4002E0C0C /* GitUploadTestUITests */ = {
			isa = PBXNativeTarget;
			buildConfigurationList = 1858F9A11C81EBF4002E0C0C /* Build configuration list for PBXNativeTarget "GitUploadTestUITests" */;
			buildPhases = (
				1858F98E1C81EBF4002E0C0C /* Sources */,
				1858F98F1C81EBF4002E0C0C /* Frameworks */,
				1858F9901C81EBF4002E0C0C /* Resources */,
			);
			buildRules = (
			);
			dependencies = (
				1858F9941C81EBF4002E0C0C /* PBXTargetDependency */,
			);
			name = GitUploadTestUITests;
			productName = GitUploadTestUITests;
			productReference = 1858F9921C81EBF4002E0C0C /* GitUploadTestUITests.xctest */;
			productType = "com.apple.product-type.bundle.ui-testing";
		};
/* End PBXNativeTarget section */

/* Begin PBXProject section */
		1858F96B1C81EBF4002E0C0C /* Project object */ = {
			isa = PBXProject;
			attributes = {
				LastSwiftUpdateCheck = 0710;
				LastUpgradeCheck = 0710;
				ORGANIZATIONNAME = zhaolei;
				TargetAttributes = {
					1858F9721C81EBF4002E0C0C = {
						CreatedOnToolsVersion = 7.1;
					};
					1858F9861C81EBF4002E0C0C = {
						CreatedOnToolsVersion = 7.1;
						TestTargetID = 1858F9721C81EBF4002E0C0C;
					};
					1858F9911C81EBF4002E0C0C = {
						CreatedOnToolsVersion = 7.1;
						TestTargetID = 1858F9721C81EBF4002E0C0C;
					};
				};
			};
			buildConfigurationList = 1858F96E1C81EBF4002E0C0C /* Build configuration list for PBXProject "GitUploadTest" */;
			compatibilityVersion = "Xcode 3.2";
			developmentRegion = English;
			hasScannedForEncodings = 0;
			knownRegions = (
				en,
				Base,
			);
			mainGroup = 1858F96A1C81EBF4002E0C0C;
			productRefGroup = 1858F9741C81EBF4002E0C0C /* Products */;
			projectDirPath = "";
			projectRoot = "";
			targets = (
				1858F9721C81EBF4002E0C0C /* GitUploadTest */,
				1858F9861C81EBF4002E0C0C /* GitUploadTestTests */,
				1858F9911C81EBF4002E0C0C /* GitUploadTestUITests */,
			);
		};
/* End PBXProject section */

/* Begin PBXResourcesBuildPhase section */
		1858F9711C81EBF4002E0C0C /* Resources */ = {
			isa = PBXResourcesBuildPhase;
			buildActionMask = 2147483647;
			files = (
				1858F9811C81EBF4002E0C0C /* LaunchScreen.storyboard in Resources */,
				1858F97E1C81EBF4002E0C0C /* Assets.xcassets in Resources */,
				1858F97C1C81EBF4002E0C0C /* Main.storyboard in Resources */,
			);
			runOnlyForDeploymentPostprocessing = 0;
		};
		1858F9851C81EBF4002E0C0C /* Resources */ = {
			isa = PBXResourcesBuildPhase;
			buildActionMask = 2147483647;
			files = (
			);
			runOnlyForDeploymentPostprocessing = 0;
		};
		1858F9901C81EBF4002E0C0C /* Resources */ = {
			isa = PBXResourcesBuildPhase;
			buildActionMask = 2147483647;
			files = (
			);
			runOnlyForDeploymentPostprocessing = 0;
		};
/* End PBXResourcesBuildPhase section */

/* Begin PBXSourcesBuildPhase section */
		1858F96F1C81EBF4002E0C0C /* Sources */ = {
			isa = PBXSourcesBuildPhase;
			buildActionMask = 2147483647;
			files = (
				1858F9791C81EBF4002E0C0C /* ViewController.swift in Sources */,
				1858F9771C81EBF4002E0C0C /* AppDelegate.swift in Sources */,
			);
			runOnlyForDeploymentPostprocessing = 0;
		};
		1858F9831C81EBF4002E0C0C /* Sources */ = {
			isa = PBXSourcesBuildPhase;
			buildActionMask = 2147483647;
			files = (
				1858F98C1C81EBF4002E0C0C /* GitUploadTestTests.swift in Sources */,
			);
			runOnlyForDeploymentPostprocessing = 0;
		};
		1858F98E1C81EBF4002E0C0C /* Sources */ = {
			isa = PBXSourcesBuildPhase;
			buildActionMask = 2147483647;
			files = (
				1858F9971C81EBF4002E0C0C /* GitUploadTestUITests.swift in Sources */,
			);
			runOnlyForDeploymentPostprocessing = 0;
		};
/* End PBXSourcesBuildPhase section */

/* Begin PBXTargetDependency section */
		1858F9891C81EBF4002E0C0C /* PBXTargetDependency */ = {
			isa = PBXTargetDependency;
			target = 1858F9721C81EBF4002E0C0C /* GitUploadTest */;
			targetProxy = 1858F9881C81EBF4002E0C0C /* PBXContainerItemProxy */;
		};
		1858F9941C81EBF4002E0C0C /* PBXTargetDependency */ = {
			isa = PBXTargetDependency;
			target = 1858F9721C81EBF4002E0C0C /* GitUploadTest */;
			targetProxy = 1858F9931C81EBF4002E0C0C /* PBXContainerItemProxy */;
		};
/* End PBXTargetDependency section */

/* Begin PBXVariantGroup section */
		1858F97A1C81EBF4002E0C0C /* Main.storyboard */ = {
			isa = PBXVariantGroup;
			children = (
				1858F97B1C81EBF4002E0C0C /* Base */,
			);
			name = Main.storyboard;
			sourceTree = "<group>";
		};
		1858F97F1C81EBF4002E0C0C /* LaunchScreen.storyboard */ = {
			isa = PBXVariantGroup;
			children = (
				1858F9801C81EBF4002E0C0C /* Base */,
			);
			name = LaunchScreen.storyboard;
			sourceTree = "<group>";
		};
/* End PBXVariantGroup section */

/* Begin XCBuildConfiguration section */
		1858F9991C81EBF4002E0C0C /* Debug */ = {
			isa = XCBuildConfiguration;
			buildSettings = {
				ALWAYS_SEARCH_USER_PATHS = NO;
				CLANG_CXX_LANGUAGE_STANDARD = "gnu++0x";
				CLANG_CXX_LIBRARY = "libc++";
				CLANG_ENABLE_MODULES = YES;
				CLANG_ENABLE_OBJC_ARC = YES;
				CLANG_WARN_BOOL_CONVERSION = YES;
				CLANG_WARN_CONSTANT_CONVERSION = YES;
				CLANG_WARN_DIRECT_OBJC_ISA_USAGE = YES_ERROR;
				CLANG_WARN_EMPTY_BODY = YES;
				CLANG_WARN_ENUM_CONVERSION = YES;
				CLANG_WARN_INT_CONVERSION = YES;
				CLANG_WARN_OBJC_ROOT_CLASS = YES_ERROR;
				CLANG_WARN_UNREACHABLE_CODE = YES;
				CLANG_WARN__DUPLICATE_METHOD_MATCH = YES;
				"CODE_SIGN_IDENTITY[sdk=iphoneos*]" = "iPhone Developer";
				COPY_PHASE_STRIP = NO;
				DEBUG_INFORMATION_FORMAT = dwarf;
				ENABLE_STRICT_OBJC_MSGSEND = YES;
				ENABLE_TESTABILITY = YES;
				GCC_C_LANGUAGE_STANDARD = gnu99;
				GCC_DYNAMIC_NO_PIC = NO;
				GCC_NO_COMMON_BLOCKS = YES;
				GCC_OPTIMIZATION_LEVEL = 0;
				GCC_PREPROCESSOR_DEFINITIONS = (
					"DEBUG=1",
					"$(inherited)",
				);
				GCC_WARN_64_TO_32_BIT_CONVERSION = YES;
				GCC_WARN_ABOUT_RETURN_TYPE = YES_ERROR;
				GCC_WARN_UNDECLARED_SELECTOR = YES;
				GCC_WARN_UNINITIALIZED_AUTOS = YES_AGGRESSIVE;
				GCC_WARN_UNUSED_FUNCTION = YES;
				GCC_WARN_UNUSED_VARIABLE = YES;
				IPHONEOS_DEPLOYMENT_TARGET = 9.1;
				MTL_ENABLE_DEBUG_INFO = YES;
				ONLY_ACTIVE_ARCH = YES;
				SDKROOT = iphoneos;
				SWIFT_OPTIMIZATION_LEVEL = "-Onone";
			};
			name = Debug;
		};
		1858F99A1C81EBF4002E0C0C /* Release */ = {
			isa = XCBuildConfiguration;
			buildSettings = {
				ALWAYS_SEARCH_USER_PATHS = NO;
				CLANG_CXX_LANGUAGE_STANDARD = "gnu++0x";
				CLANG_CXX_LIBRARY = "libc++";
				CLANG_ENABLE_MODULES = YES;
				CLANG_ENABLE_OBJC_ARC = YES;
				CLANG_WARN_BOOL_CONVERSION = YES;
				CLANG_WARN_CONSTANT_CONVERSION = YES;
				CLANG_WARN_DIRECT_OBJC_ISA_USAGE = YES_ERROR;
				CLANG_WARN_EMPTY_BODY = YES;
				CLANG_WARN_ENUM_CONVERSION = YES;
				CLANG_WARN_INT_CONVERSION = YES;
				CLANG_WARN_OBJC_ROOT_CLASS = YES_ERROR;
				CLANG_WARN_UNREACHABLE_CODE = YES;
				CLANG_WARN__DUPLICATE_METHOD_MATCH = YES;
				"CODE_SIGN_IDENTITY[sdk=iphoneos*]" = "iPhone Developer";
				COPY_PHASE_STRIP = NO;
				DEBUG_INFORMATION_FORMAT = "dwarf-with-dsym";
				ENABLE_NS_ASSERTIONS = NO;
				ENABLE_STRICT_OBJC_MSGSEND = YES;
				GCC_C_LANGUAGE_STANDARD = gnu99;
				GCC_NO_COMMON_BLOCKS = YES;
				GCC_WARN_64_TO_32_BIT_CONVERSION = YES;
				GCC_WARN_ABOUT_RETURN_TYPE = YES_ERROR;
				GCC_WARN_UNDECLARED_SELECTOR = YES;
				GCC_WARN_UNINITIALIZED_AUTOS = YES_AGGRESSIVE;
				GCC_WARN_UNUSED_FUNCTION = YES;
				GCC_WARN_UNUSED_VARIABLE = YES;
				IPHONEOS_DEPLOYMENT_TARGET = 9.1;
				MTL_ENABLE_DEBUG_INFO = NO;
				SDKROOT = iphoneos;
				VALIDATE_PRODUCT = YES;
			};
			name = Release;
		};
		1858F99C1C81EBF4002E0C0C /* Debug */ = {
			isa = XCBuildConfiguration;
			buildSettings = {
				ASSETCATALOG_COMPILER_APPICON_NAME = AppIcon;
				INFOPLIST_FILE = GitUploadTest/Info.plist;
				LD_RUNPATH_SEARCH_PATHS = "$(inherited) @executable_path/Frameworks";
				PRODUCT_BUNDLE_IDENTIFIER = "zhaolei-dubai-163.com.GitUploadTest";
				PRODUCT_NAME = "$(TARGET_NAME)";
			};
			name = Debug;
		};
		1858F99D1C81EBF4002E0C0C /* Release */ = {
			isa = XCBuildConfiguration;
			buildSettings = {
				ASSETCATALOG_COMPILER_APPICON_NAME = AppIcon;
				INFOPLIST_FILE = GitUploadTest/Info.plist;
				LD_RUNPATH_SEARCH_PATHS = "$(inherited) @executable_path/Frameworks";
				PRODUCT_BUNDLE_IDENTIFIER = "zhaolei-dubai-163.com.GitUploadTest";
				PRODUCT_NAME = "$(TARGET_NAME)";
			};
			name = Release;
		};
		1858F99F1C81EBF4002E0C0C /* Debug */ = {
			isa = XCBuildConfiguration;
			buildSettings = {
				BUNDLE_LOADER = "$(TEST_HOST)";
				INFOPLIST_FILE = GitUploadTestTests/Info.plist;
				LD_RUNPATH_SEARCH_PATHS = "$(inherited) @executable_path/Frameworks @loader_path/Frameworks";
				PRODUCT_BUNDLE_IDENTIFIER = "zhaolei-dubai-163.com.GitUploadTestTests";
				PRODUCT_NAME = "$(TARGET_NAME)";
				TEST_HOST = "$(BUILT_PRODUCTS_DIR)/GitUploadTest.app/GitUploadTest";
			};
			name = Debug;
		};
		1858F9A01C81EBF4002E0C0C /* Release */ = {
			isa = XCBuildConfiguration;
			buildSettings = {
				BUNDLE_LOADER = "$(TEST_HOST)";
				INFOPLIST_FILE = GitUploadTestTests/Info.plist;
				LD_RUNPATH_SEARCH_PATHS = "$(inherited) @executable_path/Frameworks @loader_path/Frameworks";
				PRODUCT_BUNDLE_IDENTIFIER = "zhaolei-dubai-163.com.GitUploadTestTests";
				PRODUCT_NAME = "$(TARGET_NAME)";
				TEST_HOST = "$(BUILT_PRODUCTS_DIR)/GitUploadTest.app/GitUploadTest";
			};
			name = Release;
		};
		1858F9A21C81EBF4002E0C0C /* Debug */ = {
			isa = XCBuildConfiguration;
			buildSettings = {
				INFOPLIST_FILE = GitUploadTestUITests/Info.plist;
				LD_RUNPATH_SEARCH_PATHS = "$(inherited) @executable_path/Frameworks @loader_path/Frameworks";
				PRODUCT_BUNDLE_IDENTIFIER = "zhaolei-dubai-163.com.GitUploadTestUITests";
				PRODUCT_NAME = "$(TARGET_NAME)";
				TEST_TARGET_NAME = GitUploadTest;
				USES_XCTRUNNER = YES;
			};
			name = Debug;
		};
		1858F9A31C81EBF4002E0C0C /* Release */ = {
			isa = XCBuildConfiguration;
			buildSettings = {
				INFOPLIST_FILE = GitUploadTestUITests/Info.plist;
				LD_RUNPATH_SEARCH_PATHS = "$(inherited) @executable_path/Frameworks @loader_path/Frameworks";
				PRODUCT_BUNDLE_IDENTIFIER = "zhaolei-dubai-163.com.GitUploadTestUITests";
				PRODUCT_NAME = "$(TARGET_NAME)";
				TEST_TARGET_NAME = GitUploadTest;
				USES_XCTRUNNER = YES;
			};
			name = Release;
		};
/* End XCBuildConfiguration section */

/* Begin XCConfigurationList section */
		1858F96E1C81EBF4002E0C0C /* Build configuration list for PBXProject "GitUploadTest" */ = {
			isa = XCConfigurationList;
			buildConfigurations = (
				1858F9991C81EBF4002E0C0C /* Debug */,
				1858F99A1C81EBF4002E0C0C /* Release */,
			);
			defaultConfigurationIsVisible = 0;
			defaultConfigurationName = Release;
		};
		1858F99B1C81EBF4002E0C0C /* Build configuration list for PBXNativeTarget "GitUploadTest" */ = {
			isa = XCConfigurationList;
			buildConfigurations = (
				1858F99C1C81EBF4002E0C0C /* Debug */,
				1858F99D1C81EBF4002E0C0C /* Release */,
			);
			defaultConfigurationIsVisible = 0;
		};
		1858F99E1C81EBF4002E0C0C /* Build configuration list for PBXNativeTarget "GitUploadTestTests" */ = {
			isa = XCConfigurationList;
			buildConfigurations = (
				1858F99F1C81EBF4002E0C0C /* Debug */,
				1858F9A01C81EBF4002E0C0C /* Release */,
			);
			defaultConfigurationIsVisible = 0;
		};
		1858F9A11C81EBF4002E0C0C /* Build configuration list for PBXNativeTarget "GitUploadTestUITests" */ = {
			isa = XCConfigurationList;
			buildConfigurations = (
				1858F9A21C81EBF4002E0C0C /* Debug */,
				1858F9A31C81EBF4002E0C0C /* Release */,
			);
			defaultConfigurationIsVisible = 0;
		};
/* End XCConfigurationList section */
	};
	rootObject = 1858F96B1C81EBF4002E0C0C /* Project object */;
}
